// !$*UTF8*$!
{
	archiveVersion = 1;
	classes = {
	};
	objectVersion = 46;
	objects = {

/* Begin PBXBuildFile section */
		E66CB7BB1E6A73DD00636E6A /* main.m in Sources */ = {isa = PBXBuildFile; fileRef = E66CB7BA1E6A73DD00636E6A /* main.m */; };
		E66CB7BE1E6A73DD00636E6A /* AppDelegate.m in Sources */ = {isa = PBXBuildFile; fileRef = E66CB7BD1E6A73DD00636E6A /* AppDelegate.m */; };
		E66CB7C11E6A73DD00636E6A /* ViewController.m in Sources */ = {isa = PBXBuildFile; fileRef = E66CB7C01E6A73DD00636E6A /* ViewController.m */; };
		E66CB7C41E6A73DD00636E6A /* Main.storyboard in Resources */ = {isa = PBXBuildFile; fileRef = E66CB7C21E6A73DD00636E6A /* Main.storyboard */; };
		E66CB7C61E6A73DD00636E6A /* Assets.xcassets in Resources */ = {isa = PBXBuildFile; fileRef = E66CB7C51E6A73DD00636E6A /* Assets.xcassets */; };
		E66CB7C91E6A73DD00636E6A /* LaunchScreen.storyboard in Resources */ = {isa = PBXBuildFile; fileRef = E66CB7C71E6A73DD00636E6A /* LaunchScreen.storyboard */; };
		E66CB7D61E6A865F00636E6A /* WQAES.m in Sources */ = {isa = PBXBuildFile; fileRef = E66CB7D51E6A865F00636E6A /* WQAES.m */; };
/* End PBXBuildFile section */

/* Begin PBXFileReference section */
		E66CB7B61E6A73DD00636E6A /* WQAES.app */ = {isa = PBXFileReference; explicitFileType = wrapper.application; includeInIndex = 0; path = WQAES.app; sourceTree = BUILT_PRODUCTS_DIR; };
		E66CB7BA1E6A73DD00636E6A /* main.m */ = {isa = PBXFileReference; lastKnownFileType = sourcecode.c.objc; path = main.m; sourceTree = "<group>"; };
		E66CB7BC1E6A73DD00636E6A /* AppDelegate.h */ = {isa = PBXFileReference; lastKnownFileType = sourcecode.c.h; path = AppDelegate.h; sourceTree = "<group>"; };
		E66CB7BD1E6A73DD00636E6A /* AppDelegate.m */ = {isa = PBXFileReference; lastKnownFileType = sourcecode.c.objc; path = AppDelegate.m; sourceTree = "<group>"; };
		E66CB7BF1E6A73DD00636E6A /* ViewController.h */ = {isa = PBXFileReference; lastKnownFileType = sourcecode.c.h; path = ViewController.h; sourceTree = "<group>"; };
		E66CB7C01E6A73DD00636E6A /* ViewController.m */ = {isa = PBXFileReference; lastKnownFileType = sourcecode.c.objc; path = ViewController.m; sourceTree = "<group>"; };
		E66CB7C31E6A73DD00636E6A /* Base */ = {isa = PBXFileReference; lastKnownFileType = file.storyboard; name = Base; path = Base.lproj/Main.storyboard; sourceTree = "<group>"; };
		E66CB7C51E6A73DD00636E6A /* Assets.xcassets */ = {isa = PBXFileReference; lastKnownFileType = folder.assetcatalog; path = Assets.xcassets; sourceTree = "<group>"; };
		E66CB7C81E6A73DD00636E6A /* Base */ = {isa = PBXFileReference; lastKnownFileType = file.storyboard; name = Base; path = Base.lproj/LaunchScreen.storyboard; sourceTree = "<group>"; };
		E66CB7CA1E6A73DD00636E6A /* Info.plist */ = {isa = PBXFileReference; lastKnownFileType = text.plist.xml; path = Info.plist; sourceTree = "<group>"; };
		E66CB7D41E6A865F00636E6A /* WQAES.h */ = {isa = PBXFileReference; fileEncoding = 4; lastKnownFileType = sourcecode.c.h; path = WQAES.h; sourceTree = "<group>"; };
		E66CB7D51E6A865F00636E6A /* WQAES.m */ = {isa = PBXFileReference; fileEncoding = 4; lastKnownFileType = sourcecode.c.objc; path = WQAES.m; sourceTree = "<group>"; };
/* End PBXFileReference section */

/* Begin PBXFrameworksBuildPhase section */
		E66CB7B31E6A73DD00636E6A /* Frameworks */ = {
			isa = PBXFrameworksBuildPhase;
			buildActionMask = 2147483647;
			files = (
			);
			runOnlyForDeploymentPostprocessing = 0;
		};
/* End PBXFrameworksBuildPhase section */

/* Begin PBXGroup section */
		E66CB7AD1E6A73DD00636E6A = {
			isa = PBXGroup;
			children = (
				E66CB7B81E6A73DD00636E6A /* WQAES */,
				E66CB7B71E6A73DD00636E6A /* Products */,
			);
			sourceTree = "<group>";
		};
		E66CB7B71E6A73DD00636E6A /* Products */ = {
			isa = PBXGroup;
			children = (
				E66CB7B61E6A73DD00636E6A /* WQAES.app */,
			);
			name = Products;
			sourceTree = "<group>";
		};
		E66CB7B81E6A73DD00636E6A /* WQAES */ = {
			isa = PBXGroup;
			children = (
				E66CB7D31E6A865F00636E6A /* WQAES */,
				E66CB7BC1E6A73DD00636E6A /* AppDelegate.h */,
				E66CB7BD1E6A73DD00636E6A /* AppDelegate.m */,
				E66CB7BF1E6A73DD00636E6A /* ViewController.h */,
				E66CB7C01E6A73DD00636E6A /* ViewController.m */,
				E66CB7C21E6A73DD00636E6A /* Main.storyboard */,
				E66CB7C51E6A73DD00636E6A /* Assets.xcassets */,
				E66CB7C71E6A73DD00636E6A /* LaunchScreen.storyboard */,
				E66CB7CA1E6A73DD00636E6A /* Info.plist */,
				E66CB7B91E6A73DD00636E6A /* Supporting Files */,
			);
			path = WQAES;
			sourceTree = "<group>";
		};
		E66CB7B91E6A73DD00636E6A /* Supporting Files */ = {
			isa = PBXGroup;
			children = (
				E66CB7BA1E6A73DD00636E6A /* main.m */,
			);
			name = "Supporting Files";
			sourceTree = "<group>";
		};
		E66CB7D31E6A865F00636E6A /* WQAES */ = {
			isa = PBXGroup;
			children = (
				E66CB7D41E6A865F00636E6A /* WQAES.h */,
				E66CB7D51E6A865F00636E6A /* WQAES.m */,
			);
			path = WQAES;
			sourceTree = "<group>";
		};
/* End PBXGroup section */

/* Begin PBXNativeTarget section */
		E66CB7B51E6A73DD00636E6A /* WQAES */ = {
			isa = PBXNativeTarget;
			buildConfigurationList = E66CB7CD1E6A73DD00636E6A /* Build configuration list for PBXNativeTarget "WQAES" */;
			buildPhases = (
				E66CB7B21E6A73DD00636E6A /* Sources */,
				E66CB7B31E6A73DD00636E6A /* Frameworks */,
				E66CB7B41E6A73DD00636E6A /* Resources */,
			);
			buildRules = (
			);
			dependencies = (
			);
			name = WQAES;
			productName = WQAES;
			productReference = E66CB7B61E6A73DD00636E6A /* WQAES.app */;
			productType = "com.apple.product-type.application";
		};
/* End PBXNativeTarget section */

/* Begin PBXProject section */
		E66CB7AE1E6A73DD00636E6A /* Project object */ = {
			isa = PBXProject;
			attributes = {
				LastUpgradeCheck = 0820;
				TargetAttributes = {
					E66CB7B51E6A73DD00636E6A = {
						CreatedOnToolsVersion = 8.2.1;
						ProvisioningStyle = Automatic;
					};
				};
			};
			buildConfigurationList = E66CB7B11E6A73DD00636E6A /* Build configuration list for PBXProject "WQAES" */;
			compatibilityVersion = "Xcode 3.2";
			developmentRegion = English;
			hasScannedForEncodings = 0;
			knownRegions = (
				en,
				Base,
			);
			mainGroup = E66CB7AD1E6A73DD00636E6A;
			productRefGroup = E66CB7B71E6A73DD00636E6A /* Products */;
			projectDirPath = "";
			projectRoot = "";
			targets = (
				E66CB7B51E6A73DD00636E6A /* WQAES */,
			);
		};
/* End PBXProject section */

/* Begin PBXResourcesBuildPhase section */
		E66CB7B41E6A73DD00636E6A /* Resources */ = {
			isa = PBXResourcesBuildPhase;
			buildActionMask = 2147483647;
			files = (
				E66CB7C91E6A73DD00636E6A /* LaunchScreen.storyboard in Resources */,
				E66CB7C61E6A73DD00636E6A /* Assets.xcassets in Resources */,
				E66CB7C41E6A73DD00636E6A /* Main.storyboard in Resources */,
			);
			runOnlyForDeploymentPostprocessing = 0;
		};
/* End PBXResourcesBuildPhase section */

/* Begin PBXSourcesBuildPhase section */
		E66CB7B21E6A73DD00636E6A /* Sources */ = {
			isa = PBXSourcesBuildPhase;
			buildActionMask = 2147483647;
			files = (
				E66CB7C11E6A73DD00636E6A /* ViewController.m in Sources */,
				E66CB7BE1E6A73DD00636E6A /* AppDelegate.m in Sources */,
				E66CB7BB1E6A73DD00636E6A /* main.m in Sources */,
				E66CB7D61E6A865F00636E6A /* WQAES.m in Sources */,
			);
			runOnlyForDeploymentPostprocessing = 0;
		};
/* End PBXSourcesBuildPhase section */

/* Begin PBXVariantGroup section */
		E66CB7C21E6A73DD00636E6A /* Main.storyboard */ = {
			isa = PBXVariantGroup;
			children = (
				E66CB7C31E6A73DD00636E6A /* Base */,
			);
			name = Main.storyboard;
			sourceTree = "<group>";
		};
		E66CB7C71E6A73DD00636E6A /* LaunchScreen.storyboard */ = {
			isa = PBXVariantGroup;
			children = (
				E66CB7C81E6A73DD00636E6A /* Base */,
			);
			name = LaunchScreen.storyboard;
			sourceTree = "<group>";
		};
/* End PBXVariantGroup section */

/* Begin XCBuildConfiguration section */
		E66CB7CB1E6A73DD00636E6A /* Debug */ = {
			isa = XCBuildConfiguration;
			buildSettings = {
				ALWAYS_SEARCH_USER_PATHS = NO;
				CLANG_ANALYZER_NONNULL = YES;
				CLANG_CXX_LANGUAGE_STANDARD = "gnu++0x";
				CLANG_CXX_LIBRARY = "libc++";
				CLANG_ENABLE_MODULES = YES;
				CLANG_ENABLE_OBJC_ARC = YES;
				CLANG_WARN_BOOL_CONVERSION = YES;
				CLANG_WARN_CONSTANT_CONVERSION = YES;
				CLANG_WARN_DIRECT_OBJC_ISA_USAGE = YES_ERROR;
				CLANG_WARN_DOCUMENTATION_COMMENTS = YES;
				CLANG_WARN_EMPTY_BODY = YES;
				CLANG_WARN_ENUM_CONVERSION = YES;
				CLANG_WARN_INFINITE_RECURSION = YES;
				CLANG_WARN_INT_CONVERSION = YES;
				CLANG_WARN_OBJC_ROOT_CLASS = YES_ERROR;
				CLANG_WARN_SUSPICIOUS_MOVE = YES;
				CLANG_WARN_UNREACHABLE_CODE = YES;
				CLANG_WARN__DUPLICATE_METHOD_MATCH = YES;
				"CODE_SIGN_IDENTITY[sdk=iphoneos*]" = "iPhone Developer";
				COPY_PHASE_STRIP = NO;
				DEBUG_INFORMATION_FORMAT = dwarf;
				ENABLE_STRICT_OBJC_MSGSEND = YES;
				ENABLE_TESTABILITY = YES;
				GCC_C_LANGUAGE_STANDARD = gnu99;
				GCC_DYNAMIC_NO_PIC = NO;
				GCC_NO_COMMON_BLOCKS = YES;
				GCC_OPTIMIZATION_LEVEL = 0;
				GCC_PREPROCESSOR_DEFINITIONS = (
					"DEBUG=1",
					"$(inherited)",
				);
				GCC_WARN_64_TO_32_BIT_CONVERSION = YES;
				GCC_WARN_ABOUT_RETURN_TYPE = YES_ERROR;
				GCC_WARN_UNDECLARED_SELECTOR = YES;
				GCC_WARN_UNINITIALIZED_AUTOS = YES_AGGRESSIVE;
				GCC_WARN_UNUSED_FUNCTION = YES;
				GCC_WARN_UNUSED_VARIABLE = YES;
				IPHONEOS_DEPLOYMENT_TARGET = 10.2;
				MTL_ENABLE_DEBUG_INFO = YES;
				ONLY_ACTIVE_ARCH = YES;
				SDKROOT = iphoneos;
			};
			name = Debug;
		};
		E66CB7CC1E6A73DD00636E6A /* Release */ = {
			isa = XCBuildConfiguration;
			buildSettings = {
				ALWAYS_SEARCH_USER_PATHS = NO;
				CLANG_ANALYZER_NONNULL = YES;
				CLANG_CXX_LANGUAGE_STANDARD = "gnu++0x";
				CLANG_CXX_LIBRARY = "libc++";
				CLANG_ENABLE_MODULES = YES;
				CLANG_ENABLE_OBJC_ARC = YES;
				CLANG_WARN_BOOL_CONVERSION = YES;
				CLANG_WARN_CONSTANT_CONVERSION = YES;
				CLANG_WARN_DIRECT_OBJC_ISA_USAGE = YES_ERROR;
				CLANG_WARN_DOCUMENTATION_COMMENTS = YES;
				CLANG_WARN_EMPTY_BODY = YES;
				CLANG_WARN_ENUM_CONVERSION = YES;
				CLANG_WARN_INFINITE_RECURSION = YES;
				CLANG_WARN_INT_CONVERSION = YES;
				CLANG_WARN_OBJC_ROOT_CLASS = YES_ERROR;
				CLANG_WARN_SUSPICIOUS_MOVE = YES;
				CLANG_WARN_UNREACHABLE_CODE = YES;
				CLANG_WARN__DUPLICATE_METHOD_MATCH = YES;
				"CODE_SIGN_IDENTITY[sdk=iphoneos*]" = "iPhone Developer";
				COPY_PHASE_STRIP = NO;
				DEBUG_INFORMATION_FORMAT = "dwarf-with-dsym";
				ENABLE_NS_ASSERTIONS = NO;
				ENABLE_STRICT_OBJC_MSGSEND = YES;
				GCC_C_LANGUAGE_STANDARD = gnu99;
				GCC_NO_COMMON_BLOCKS = YES;
				GCC_WARN_64_TO_32_BIT_CONVERSION = YES;
				GCC_WARN_ABOUT_RETURN_TYPE = YES_ERROR;
				GCC_WARN_UNDECLARED_SELECTOR = YES;
				GCC_WARN_UNINITIALIZED_AUTOS = YES_AGGRESSIVE;
				GCC_WARN_UNUSED_FUNCTION = YES;
				GCC_WARN_UNUSED_VARIABLE = YES;
				IPHONEOS_DEPLOYMENT_TARGET = 10.2;
				MTL_ENABLE_DEBUG_INFO = NO;
				SDKROOT = iphoneos;
				VALIDATE_PRODUCT = YES;
			};
			name = Release;
		};
		E66CB7CE1E6A73DD00636E6A /* Debug */ = {
			isa = XCBuildConfiguration;
			buildSettings = {
				ASSETCATALOG_COMPILER_APPICON_NAME = AppIcon;
				INFOPLIST_FILE = WQAES/Info.plist;
				IPHONEOS_DEPLOYMENT_TARGET = 8.0;
				LD_RUNPATH_SEARCH_PATHS = "$(inherited) @executable_path/Frameworks";
				PRODUCT_BUNDLE_IDENTIFIER = com.luowenqiang.WQAES;
				PRODUCT_NAME = "$(TARGET_NAME)";
			};
			name = Debug;
		};
		E66CB7CF1E6A73DD00636E6A /* Release */ = {
			isa = XCBuildConfiguration;
			buildSettings = {
				ASSETCATALOG_COMPILER_APPICON_NAME = AppIcon;
				INFOPLIST_FILE = WQAES/Info.plist;
				IPHONEOS_DEPLOYMENT_TARGET = 8.0;
				LD_RUNPATH_SEARCH_PATHS = "$(inherited) @executable_path/Frameworks";
				PRODUCT_BUNDLE_IDENTIFIER = com.luowenqiang.WQAES;
				PRODUCT_NAME = "$(TARGET_NAME)";
			};
			name = Release;
		};
/* End XCBuildConfiguration section */

/* Begin XCConfigurationList section */
		E66CB7B11E6A73DD00636E6A /* Build configuration list for PBXProject "WQAES" */ = {
			isa = XCConfigurationList;
			buildConfigurations = (
				E66CB7CB1E6A73DD00636E6A /* Debug */,
				E66CB7CC1E6A73DD00636E6A /* Release */,
			);
			defaultConfigurationIsVisible = 0;
			defaultConfigurationName = Release;
		};
		E66CB7CD1E6A73DD00636E6A /* Build configuration list for PBXNativeTarget "WQAES" */ = {
			isa = XCConfigurationList;
			buildConfigurations = (
				E66CB7CE1E6A73DD00636E6A /* Debug */,
				E66CB7CF1E6A73DD00636E6A /* Release */,
			);
			defaultConfigurationIsVisible = 0;
			defaultConfigurationName = Release;
		};
/* End XCConfigurationList section */
	};
	rootObject = E66CB7AE1E6A73DD00636E6A /* Project object */;
}
